{
  "name": "omakaseagent",
  "version": "0.3.1",
  "lockfileVersion": 3,
  "requires": true,
  "packages": {
    "": {
      "name": "omakaseagent",
      "version": "0.3.1",
      "license": "Apache-2.0",
      "bin": {
        "omakase": "bin/omakase.js"
      },
      "devDependencies": {
        "fflate": "^0.8.3"
      },
      "engines": {
        "node": ">=18.0.0"
      }
    },
    "node_modules/fflate": {
      "version": "0.8.3",
      "resolved": "https://registry.npmjs.org/fflate/-/fflate-0.8.3.tgz",
      "integrity": "sha512-tbZNuJrLwGUp3zshBtdy4W+ORxZuIh8a5ilyIEQDC5rY1f3U20JMry0Ll3WBzU58EZKsEuJFXhb5gwv8CsPvgA==",
      "dev": true,
      "license": "MIT"
    }
  }
}
